// !$*UTF8*$!
{
	archiveVersion = 1;
	classes = {
	};
	objectVersion = 56;
	objects = {

/* Begin PBXBuildFile section */
		E353A27D2C995E9D00A6F9CA /* animatedApp.swift in Sources */ = {isa = PBXBuildFile; fileRef = E353A27C2C995E9D00A6F9CA /* animatedApp.swift */; };
		E353A27F2C995E9D00A6F9CA /* ContentView.swift in Sources */ = {isa = PBXBuildFile; fileRef = E353A27E2C995E9D00A6F9CA /* ContentView.swift */; };
		E353A2812C995EA000A6F9CA /* Assets.xcassets in Resources */ = {isa = PBXBuildFile; fileRef = E353A2802C995EA000A6F9CA /* Assets.xcassets */; };
		E353A2842C995EA000A6F9CA /* Preview Assets.xcassets in Resources */ = {isa = PBXBuildFile; fileRef = E353A2832C995EA000A6F9CA /* Preview Assets.xcassets */; };
		E353A28E2C995EA100A6F9CA /* animatedTests.swift in Sources */ = {isa = PBXBuildFile; fileRef = E353A28D2C995EA100A6F9CA /* animatedTests.swift */; };
		E353A2982C995EA100A6F9CA /* animatedUITests.swift in Sources */ = {isa = PBXBuildFile; fileRef = E353A2972C995EA100A6F9CA /* animatedUITests.swift */; };
		E353A29A2C995EA100A6F9CA /* animatedUITestsLaunchTests.swift in Sources */ = {isa = PBXBuildFile; fileRef = E353A2992C995EA100A6F9CA /* animatedUITestsLaunchTests.swift */; };
		E353A2AE2C995F5900A6F9CA /* house.riv in Resources */ = {isa = PBXBuildFile; fileRef = E353A2A72C995F5900A6F9CA /* house.riv */; };
		E353A2AF2C995F5900A6F9CA /* confetti.riv in Resources */ = {isa = PBXBuildFile; fileRef = E353A2A82C995F5900A6F9CA /* confetti.riv */; };
		E353A2B02C995F5900A6F9CA /* check.riv in Resources */ = {isa = PBXBuildFile; fileRef = E353A2A92C995F5900A6F9CA /* check.riv */; };
		E353A2B12C995F5900A6F9CA /* menu_button.riv in Resources */ = {isa = PBXBuildFile; fileRef = E353A2AA2C995F5900A6F9CA /* menu_button.riv */; };
		E353A2B22C995F5900A6F9CA /* shapes.riv in Resources */ = {isa = PBXBuildFile; fileRef = E353A2AB2C995F5900A6F9CA /* shapes.riv */; };
		E353A2B32C995F5900A6F9CA /* button.riv in Resources */ = {isa = PBXBuildFile; fileRef = E353A2AC2C995F5900A6F9CA /* button.riv */; };
		E353A2B42C995F5900A6F9CA /* icons.riv in Resources */ = {isa = PBXBuildFile; fileRef = E353A2AD2C995F5900A6F9CA /* icons.riv */; };
		E353A2B72C99603E00A6F9CA /* RiveRuntime in Frameworks */ = {isa = PBXBuildFile; productRef = E353A2B62C99603E00A6F9CA /* RiveRuntime */; };
		E353A2BB2C9960E400A6F9CA /* OnboardingView.swift in Sources */ = {isa = PBXBuildFile; fileRef = E353A2BA2C9960E400A6F9CA /* OnboardingView.swift */; };
		E353A2C02C997AC700A6F9CA /* Inter-Regular.ttf in Resources */ = {isa = PBXBuildFile; fileRef = E353A2BD2C997AC700A6F9CA /* Inter-Regular.ttf */; };
		E353A2C12C997AC700A6F9CA /* Poppins-Bold.ttf in Resources */ = {isa = PBXBuildFile; fileRef = E353A2BE2C997AC700A6F9CA /* Poppins-Bold.ttf */; };
		E353A2C22C997AC700A6F9CA /* Inter-SemiBold.ttf in Resources */ = {isa = PBXBuildFile; fileRef = E353A2BF2C997AC700A6F9CA /* Inter-SemiBold.ttf */; };
		E353A2C52C997F9C00A6F9CA /* CustomeFont.swift in Sources */ = {isa = PBXBuildFile; fileRef = E353A2C42C997F9C00A6F9CA /* CustomeFont.swift */; };
		E353A2C72C9AE5B700A6F9CA /* SignInView.swift in Sources */ = {isa = PBXBuildFile; fileRef = E353A2C62C9AE5B700A6F9CA /* SignInView.swift */; };
		E3841EE12CAD19A8008F0207 /* CourseSection.swift in Sources */ = {isa = PBXBuildFile; fileRef = E3841EDF2CAD19A8008F0207 /* CourseSection.swift */; };
		E3841EE22CAD19A8008F0207 /* Course.swift in Sources */ = {isa = PBXBuildFile; fileRef = E3841EE02CAD19A8008F0207 /* Course.swift */; };
		E3841EE42CAD1A2D008F0207 /* VCard.swift in Sources */ = {isa = PBXBuildFile; fileRef = E3841EE32CAD1A2D008F0207 /* VCard.swift */; };
		E3841EE62CAD251E008F0207 /* HCard.swift in Sources */ = {isa = PBXBuildFile; fileRef = E3841EE52CAD251E008F0207 /* HCard.swift */; };
		E3841EE82CAD34FC008F0207 /* HomeView.swift in Sources */ = {isa = PBXBuildFile; fileRef = E3841EE72CAD34FC008F0207 /* HomeView.swift */; };
		E3CA07182CA413B800E7BA03 /* TabBar.swift in Sources */ = {isa = PBXBuildFile; fileRef = E3CA07172CA413B800E7BA03 /* TabBar.swift */; };
		E3CD46FE2C9C0664009074A5 /* CustomTextField.swift in Sources */ = {isa = PBXBuildFile; fileRef = E3CD46FD2C9C0664009074A5 /* CustomTextField.swift */; };
		E3CD47002C9C2529009074A5 /* Extensions.swift in Sources */ = {isa = PBXBuildFile; fileRef = E3CD46FF2C9C2529009074A5 /* Extensions.swift */; };
/* End PBXBuildFile section */

/* Begin PBXContainerItemProxy section */
		E353A28A2C995EA100A6F9CA /* PBXContainerItemProxy */ = {
			isa = PBXContainerItemProxy;
			containerPortal = E353A2712C995E9D00A6F9CA /* Project object */;
			proxyType = 1;
			remoteGlobalIDString = E353A2782C995E9D00A6F9CA;
			remoteInfo = animated;
		};
		E353A2942C995EA100A6F9CA /* PBXContainerItemProxy */ = {
			isa = PBXContainerItemProxy;
			containerPortal = E353A2712C995E9D00A6F9CA /* Project object */;
			proxyType = 1;
			remoteGlobalIDString = E353A2782C995E9D00A6F9CA;
			remoteInfo = animated;
		};
/* End PBXContainerItemProxy section */

/* Begin PBXFileReference section */
		E353A2792C995E9D00A6F9CA /* animated.app */ = {isa = PBXFileReference; explicitFileType = wrapper.application; includeInIndex = 0; path = animated.app; sourceTree = BUILT_PRODUCTS_DIR; };
		E353A27C2C995E9D00A6F9CA /* animatedApp.swift */ = {isa = PBXFileReference; lastKnownFileType = sourcecode.swift; path = animatedApp.swift; sourceTree = "<group>"; };
		E353A27E2C995E9D00A6F9CA /* ContentView.swift */ = {isa = PBXFileReference; lastKnownFileType = sourcecode.swift; path = ContentView.swift; sourceTree = "<group>"; };
		E353A2802C995EA000A6F9CA /* Assets.xcassets */ = {isa = PBXFileReference; lastKnownFileType = folder.assetcatalog; path = Assets.xcassets; sourceTree = "<group>"; };
		E353A2832C995EA000A6F9CA /* Preview Assets.xcassets */ = {isa = PBXFileReference; lastKnownFileType = folder.assetcatalog; path = "Preview Assets.xcassets"; sourceTree = "<group>"; };
		E353A2892C995EA100A6F9CA /* animatedTests.xctest */ = {isa = PBXFileReference; explicitFileType = wrapper.cfbundle; includeInIndex = 0; path = animatedTests.xctest; sourceTree = BUILT_PRODUCTS_DIR; };
		E353A28D2C995EA100A6F9CA /* animatedTests.swift */ = {isa = PBXFileReference; lastKnownFileType = sourcecode.swift; path = animatedTests.swift; sourceTree = "<group>"; };
		E353A2932C995EA100A6F9CA /* animatedUITests.xctest */ = {isa = PBXFileReference; explicitFileType = wrapper.cfbundle; includeInIndex = 0; path = animatedUITests.xctest; sourceTree = BUILT_PRODUCTS_DIR; };
		E353A2972C995EA100A6F9CA /* animatedUITests.swift */ = {isa = PBXFileReference; lastKnownFileType = sourcecode.swift; path = animatedUITests.swift; sourceTree = "<group>"; };
		E353A2992C995EA100A6F9CA /* animatedUITestsLaunchTests.swift */ = {isa = PBXFileReference; lastKnownFileType = sourcecode.swift; path = animatedUITestsLaunchTests.swift; sourceTree = "<group>"; };
		E353A2A72C995F5900A6F9CA /* house.riv */ = {isa = PBXFileReference; lastKnownFileType = file; path = house.riv; sourceTree = "<group>"; };
		E353A2A82C995F5900A6F9CA /* confetti.riv */ = {isa = PBXFileReference; lastKnownFileType = file; path = confetti.riv; sourceTree = "<group>"; };
		E353A2A92C995F5900A6F9CA /* check.riv */ = {isa = PBXFileReference; lastKnownFileType = file; path = check.riv; sourceTree = "<group>"; };
		E353A2AA2C995F5900A6F9CA /* menu_button.riv */ = {isa = PBXFileReference; lastKnownFileType = file; path = menu_button.riv; sourceTree = "<group>"; };
		E353A2AB2C995F5900A6F9CA /* shapes.riv */ = {isa = PBXFileReference; lastKnownFileType = file; path = shapes.riv; sourceTree = "<group>"; };
		E353A2AC2C995F5900A6F9CA /* button.riv */ = {isa = PBXFileReference; lastKnownFileType = file; path = button.riv; sourceTree = "<group>"; };
		E353A2AD2C995F5900A6F9CA /* icons.riv */ = {isa = PBXFileReference; lastKnownFileType = file; path = icons.riv; sourceTree = "<group>"; };
		E353A2BA2C9960E400A6F9CA /* OnboardingView.swift */ = {isa = PBXFileReference; lastKnownFileType = sourcecode.swift; path = OnboardingView.swift; sourceTree = "<group>"; };
		E353A2BD2C997AC700A6F9CA /* Inter-Regular.ttf */ = {isa = PBXFileReference; lastKnownFileType = file; path = "Inter-Regular.ttf"; sourceTree = "<group>"; };
		E353A2BE2C997AC700A6F9CA /* Poppins-Bold.ttf */ = {isa = PBXFileReference; lastKnownFileType = file; path = "Poppins-Bold.ttf"; sourceTree = "<group>"; };
		E353A2BF2C997AC700A6F9CA /* Inter-SemiBold.ttf */ = {isa = PBXFileReference; lastKnownFileType = file; path = "Inter-SemiBold.ttf"; sourceTree = "<group>"; };
		E353A2C32C997B7600A6F9CA /* Info.plist */ = {isa = PBXFileReference; lastKnownFileType = text.plist; path = Info.plist; sourceTree = "<group>"; };
		E353A2C42C997F9C00A6F9CA /* CustomeFont.swift */ = {isa = PBXFileReference; lastKnownFileType = sourcecode.swift; path = CustomeFont.swift; sourceTree = "<group>"; };
		E353A2C62C9AE5B700A6F9CA /* SignInView.swift */ = {isa = PBXFileReference; lastKnownFileType = sourcecode.swift; path = SignInView.swift; sourceTree = "<group>"; };
		E3841EDF2CAD19A8008F0207 /* CourseSection.swift */ = {isa = PBXFileReference; fileEncoding = 4; lastKnownFileType = sourcecode.swift; path = CourseSection.swift; sourceTree = "<group>"; };
		E3841EE02CAD19A8008F0207 /* Course.swift */ = {isa = PBXFileReference; fileEncoding = 4; lastKnownFileType = sourcecode.swift; path = Course.swift; sourceTree = "<group>"; };
		E3841EE32CAD1A2D008F0207 /* VCard.swift */ = {isa = PBXFileReference; lastKnownFileType = sourcecode.swift; path = VCard.swift; sourceTree = "<group>"; };
		E3841EE52CAD251E008F0207 /* HCard.swift */ = {isa = PBXFileReference; lastKnownFileType = sourcecode.swift; path = HCard.swift; sourceTree = "<group>"; };
		E3841EE72CAD34FC008F0207 /* HomeView.swift */ = {isa = PBXFileReference; lastKnownFileType = sourcecode.swift; path = HomeView.swift; sourceTree = "<group>"; };
		E3CA07172CA413B800E7BA03 /* TabBar.swift */ = {isa = PBXFileReference; lastKnownFileType = sourcecode.swift; path = TabBar.swift; sourceTree = "<group>"; };
		E3CD46FD2C9C0664009074A5 /* CustomTextField.swift */ = {isa = PBXFileReference; lastKnownFileType = sourcecode.swift; path = CustomTextField.swift; sourceTree = "<group>"; };
		E3CD46FF2C9C2529009074A5 /* Extensions.swift */ = {isa = PBXFileReference; lastKnownFileType = sourcecode.swift; path = Extensions.swift; sourceTree = "<group>"; };
/* End PBXFileReference section */

/* Begin PBXFrameworksBuildPhase section */
		E353A2762C995E9D00A6F9CA /* Frameworks */ = {
			isa = PBXFrameworksBuildPhase;
			buildActionMask = 2147483647;
			files = (
				E353A2B72C99603E00A6F9CA /* RiveRuntime in Frameworks */,
			);
			runOnlyForDeploymentPostprocessing = 0;
		};
		E353A2862C995EA100A6F9CA /* Frameworks */ = {
			isa = PBXFrameworksBuildPhase;
			buildActionMask = 2147483647;
			files = (
			);
			runOnlyForDeploymentPostprocessing = 0;
		};
		E353A2902C995EA100A6F9CA /* Frameworks */ = {
			isa = PBXFrameworksBuildPhase;
			buildActionMask = 2147483647;
			files = (
			);
			runOnlyForDeploymentPostprocessing = 0;
		};
/* End PBXFrameworksBuildPhase section */

/* Begin PBXGroup section */
		E353A2702C995E9D00A6F9CA = {
			isa = PBXGroup;
			children = (
				E353A27B2C995E9D00A6F9CA /* animated */,
				E353A28C2C995EA100A6F9CA /* animatedTests */,
				E353A2962C995EA100A6F9CA /* animatedUITests */,
				E353A27A2C995E9D00A6F9CA /* Products */,
			);
			sourceTree = "<group>";
		};
		E353A27A2C995E9D00A6F9CA /* Products */ = {
			isa = PBXGroup;
			children = (
				E353A2792C995E9D00A6F9CA /* animated.app */,
				E353A2892C995EA100A6F9CA /* animatedTests.xctest */,
				E353A2932C995EA100A6F9CA /* animatedUITests.xctest */,
			);
			name = Products;
			sourceTree = "<group>";
		};
		E353A27B2C995E9D00A6F9CA /* animated */ = {
			isa = PBXGroup;
			children = (
				E353A2C32C997B7600A6F9CA /* Info.plist */,
				E353A27C2C995E9D00A6F9CA /* animatedApp.swift */,
				E3CA07172CA413B800E7BA03 /* TabBar.swift */,
				E3841EE32CAD1A2D008F0207 /* VCard.swift */,
				E3841EE52CAD251E008F0207 /* HCard.swift */,
				E3841EE72CAD34FC008F0207 /* HomeView.swift */,
				E353A27E2C995E9D00A6F9CA /* ContentView.swift */,
				E3CA07152CA4129700E7BA03 /* Views */,
				E3CA07162CA412E200E7BA03 /* Styles */,
				E353A2802C995EA000A6F9CA /* Assets.xcassets */,
				E3841EDE2CAD19A8008F0207 /* Model */,
				E353A2BC2C997AC700A6F9CA /* Fonts */,
				E353A2A62C995F5900A6F9CA /* RiveAssets */,
				E353A2822C995EA000A6F9CA /* Preview Content */,
			);
			path = animated;
			sourceTree = "<group>";
		};
		E353A2822C995EA000A6F9CA /* Preview Content */ = {
			isa = PBXGroup;
			children = (
				E353A2832C995EA000A6F9CA /* Preview Assets.xcassets */,
			);
			path = "Preview Content";
			sourceTree = "<group>";
		};
		E353A28C2C995EA100A6F9CA /* animatedTests */ = {
			isa = PBXGroup;
			children = (
				E353A28D2C995EA100A6F9CA /* animatedTests.swift */,
			);
			path = animatedTests;
			sourceTree = "<group>";
		};
		E353A2962C995EA100A6F9CA /* animatedUITests */ = {
			isa = PBXGroup;
			children = (
				E353A2972C995EA100A6F9CA /* animatedUITests.swift */,
				E353A2992C995EA100A6F9CA /* animatedUITestsLaunchTests.swift */,
			);
			path = animatedUITests;
			sourceTree = "<group>";
		};
		E353A2A62C995F5900A6F9CA /* RiveAssets */ = {
			isa = PBXGroup;
			children = (
				E353A2A72C995F5900A6F9CA /* house.riv */,
				E353A2A82C995F5900A6F9CA /* confetti.riv */,
				E353A2A92C995F5900A6F9CA /* check.riv */,
				E353A2AA2C995F5900A6F9CA /* menu_button.riv */,
				E353A2AB2C995F5900A6F9CA /* shapes.riv */,
				E353A2AC2C995F5900A6F9CA /* button.riv */,
				E353A2AD2C995F5900A6F9CA /* icons.riv */,
			);
			path = RiveAssets;
			sourceTree = "<group>";
		};
		E353A2BC2C997AC700A6F9CA /* Fonts */ = {
			isa = PBXGroup;
			children = (
				E353A2BD2C997AC700A6F9CA /* Inter-Regular.ttf */,
				E353A2BE2C997AC700A6F9CA /* Poppins-Bold.ttf */,
				E353A2BF2C997AC700A6F9CA /* Inter-SemiBold.ttf */,
			);
			path = Fonts;
			sourceTree = "<group>";
		};
		E3841EDE2CAD19A8008F0207 /* Model */ = {
			isa = PBXGroup;
			children = (
				E3841EDF2CAD19A8008F0207 /* CourseSection.swift */,
				E3841EE02CAD19A8008F0207 /* Course.swift */,
			);
			path = Model;
			sourceTree = "<group>";
		};
		E3CA07152CA4129700E7BA03 /* Views */ = {
			isa = PBXGroup;
			children = (
				E353A2BA2C9960E400A6F9CA /* OnboardingView.swift */,
				E353A2C62C9AE5B700A6F9CA /* SignInView.swift */,
			);
			path = Views;
			sourceTree = "<group>";
		};
		E3CA07162CA412E200E7BA03 /* Styles */ = {
			isa = PBXGroup;
			children = (
				E3CD46FF2C9C2529009074A5 /* Extensions.swift */,
				E3CD46FD2C9C0664009074A5 /* CustomTextField.swift */,
				E353A2C42C997F9C00A6F9CA /* CustomeFont.swift */,
			);
			path = Styles;
			sourceTree = "<group>";
		};
/* End PBXGroup section */

/* Begin PBXNativeTarget section */
		E353A2782C995E9D00A6F9CA /* animated */ = {
			isa = PBXNativeTarget;
			buildConfigurationList = E353A29D2C995EA100A6F9CA /* Build configuration list for PBXNativeTarget "animated" */;
			buildPhases = (
				E353A2752C995E9D00A6F9CA /* Sources */,
				E353A2762C995E9D00A6F9CA /* Frameworks */,
				E353A2772C995E9D00A6F9CA /* Resources */,
			);
			buildRules = (
			);
			dependencies = (
			);
			name = animated;
			packageProductDependencies = (
				E353A2B62C99603E00A6F9CA /* RiveRuntime */,
			);
			productName = animated;
			productReference = E353A2792C995E9D00A6F9CA /* animated.app */;
			productType = "com.apple.product-type.application";
		};
		E353A2882C995EA100A6F9CA /* animatedTests */ = {
			isa = PBXNativeTarget;
			buildConfigurationList = E353A2A02C995EA100A6F9CA /* Build configuration list for PBXNativeTarget "animatedTests" */;
			buildPhases = (
				E353A2852C995EA100A6F9CA /* Sources */,
				E353A2862C995EA100A6F9CA /* Frameworks */,
				E353A2872C995EA100A6F9CA /* Resources */,
			);
			buildRules = (
			);
			dependencies = (
				E353A28B2C995EA100A6F9CA /* PBXTargetDependency */,
			);
			name = animatedTests;
			productName = animatedTests;
			productReference = E353A2892C995EA100A6F9CA /* animatedTests.xctest */;
			productType = "com.apple.product-type.bundle.unit-test";
		};
		E353A2922C995EA100A6F9CA /* animatedUITests */ = {
			isa = PBXNativeTarget;
			buildConfigurationList = E353A2A32C995EA100A6F9CA /* Build configuration list for PBXNativeTarget "animatedUITests" */;
			buildPhases = (
				E353A28F2C995EA100A6F9CA /* Sources */,
				E353A2902C995EA100A6F9CA /* Frameworks */,
				E353A2912C995EA100A6F9CA /* Resources */,
			);
			buildRules = (
			);
			dependencies = (
				E353A2952C995EA100A6F9CA /* PBXTargetDependency */,
			);
			name = animatedUITests;
			productName = animatedUITests;
			productReference = E353A2932C995EA100A6F9CA /* animatedUITests.xctest */;
			productType = "com.apple.product-type.bundle.ui-testing";
		};
/* End PBXNativeTarget section */

/* Begin PBXProject section */
		E353A2712C995E9D00A6F9CA /* Project object */ = {
			isa = PBXProject;
			attributes = {
				BuildIndependentTargetsInParallel = 1;
				LastSwiftUpdateCheck = 1520;
				LastUpgradeCheck = 1520;
				TargetAttributes = {
					E353A2782C995E9D00A6F9CA = {
						CreatedOnToolsVersion = 15.2;
					};
					E353A2882C995EA100A6F9CA = {
						CreatedOnToolsVersion = 15.2;
						TestTargetID = E353A2782C995E9D00A6F9CA;
					};
					E353A2922C995EA100A6F9CA = {
						CreatedOnToolsVersion = 15.2;
						TestTargetID = E353A2782C995E9D00A6F9CA;
					};
				};
			};
			buildConfigurationList = E353A2742C995E9D00A6F9CA /* Build configuration list for PBXProject "animated" */;
			compatibilityVersion = "Xcode 14.0";
			developmentRegion = en;
			hasScannedForEncodings = 0;
			knownRegions = (
				en,
				Base,
			);
			mainGroup = E353A2702C995E9D00A6F9CA;
			packageReferences = (
				E353A2B52C99603E00A6F9CA /* XCRemoteSwiftPackageReference "rive-ios" */,
			);
			productRefGroup = E353A27A2C995E9D00A6F9CA /* Products */;
			projectDirPath = "";
			projectRoot = "";
			targets = (
				E353A2782C995E9D00A6F9CA /* animated */,
				E353A2882C995EA100A6F9CA /* animatedTests */,
				E353A2922C995EA100A6F9CA /* animatedUITests */,
			);
		};
/* End PBXProject section */

/* Begin PBXResourcesBuildPhase section */
		E353A2772C995E9D00A6F9CA /* Resources */ = {
			isa = PBXResourcesBuildPhase;
			buildActionMask = 2147483647;
			files = (
				E353A2C22C997AC700A6F9CA /* Inter-SemiBold.ttf in Resources */,
				E353A2B22C995F5900A6F9CA /* shapes.riv in Resources */,
				E353A2B02C995F5900A6F9CA /* check.riv in Resources */,
				E353A2842C995EA000A6F9CA /* Preview Assets.xcassets in Resources */,
				E353A2B12C995F5900A6F9CA /* menu_button.riv in Resources */,
				E353A2AE2C995F5900A6F9CA /* house.riv in Resources */,
				E353A2B32C995F5900A6F9CA /* button.riv in Resources */,
				E353A2C02C997AC700A6F9CA /* Inter-Regular.ttf in Resources */,
				E353A2C12C997AC700A6F9CA /* Poppins-Bold.ttf in Resources */,
				E353A2812C995EA000A6F9CA /* Assets.xcassets in Resources */,
				E353A2AF2C995F5900A6F9CA /* confetti.riv in Resources */,
				E353A2B42C995F5900A6F9CA /* icons.riv in Resources */,
			);
			runOnlyForDeploymentPostprocessing = 0;
		};
		E353A2872C995EA100A6F9CA /* Resources */ = {
			isa = PBXResourcesBuildPhase;
			buildActionMask = 2147483647;
			files = (
			);
			runOnlyForDeploymentPostprocessing = 0;
		};
		E353A2912C995EA100A6F9CA /* Resources */ = {
			isa = PBXResourcesBuildPhase;
			buildActionMask = 2147483647;
			files = (
			);
			runOnlyForDeploymentPostprocessing = 0;
		};
/* End PBXResourcesBuildPhase section */

/* Begin PBXSourcesBuildPhase section */
		E353A2752C995E9D00A6F9CA /* Sources */ = {
			isa = PBXSourcesBuildPhase;
			buildActionMask = 2147483647;
			files = (
				E3841EE62CAD251E008F0207 /* HCard.swift in Sources */,
				E353A2BB2C9960E400A6F9CA /* OnboardingView.swift in Sources */,
				E3841EE82CAD34FC008F0207 /* HomeView.swift in Sources */,
				E353A27F2C995E9D00A6F9CA /* ContentView.swift in Sources */,
				E3841EE22CAD19A8008F0207 /* Course.swift in Sources */,
				E3CA07182CA413B800E7BA03 /* TabBar.swift in Sources */,
				E3CD46FE2C9C0664009074A5 /* CustomTextField.swift in Sources */,
				E3841EE42CAD1A2D008F0207 /* VCard.swift in Sources */,
				E353A27D2C995E9D00A6F9CA /* animatedApp.swift in Sources */,
				E353A2C52C997F9C00A6F9CA /* CustomeFont.swift in Sources */,
				E353A2C72C9AE5B700A6F9CA /* SignInView.swift in Sources */,
				E3841EE12CAD19A8008F0207 /* CourseSection.swift in Sources */,
				E3CD47002C9C2529009074A5 /* Extensions.swift in Sources */,
			);
			runOnlyForDeploymentPostprocessing = 0;
		};
		E353A2852C995EA100A6F9CA /* Sources */ = {
			isa = PBXSourcesBuildPhase;
			buildActionMask = 2147483647;
			files = (
				E353A28E2C995EA100A6F9CA /* animatedTests.swift in Sources */,
			);
			runOnlyForDeploymentPostprocessing = 0;
		};
		E353A28F2C995EA100A6F9CA /* Sources */ = {
			isa = PBXSourcesBuildPhase;
			buildActionMask = 2147483647;
			files = (
				E353A29A2C995EA100A6F9CA /* animatedUITestsLaunchTests.swift in Sources */,
				E353A2982C995EA100A6F9CA /* animatedUITests.swift in Sources */,
			);
			runOnlyForDeploymentPostprocessing = 0;
		};
/* End PBXSourcesBuildPhase section */

/* Begin PBXTargetDependency section */
		E353A28B2C995EA100A6F9CA /* PBXTargetDependency */ = {
			isa = PBXTargetDependency;
			target = E353A2782C995E9D00A6F9CA /* animated */;
			targetProxy = E353A28A2C995EA100A6F9CA /* PBXContainerItemProxy */;
		};
		E353A2952C995EA100A6F9CA /* PBXTargetDependency */ = {
			isa = PBXTargetDependency;
			target = E353A2782C995E9D00A6F9CA /* animated */;
			targetProxy = E353A2942C995EA100A6F9CA /* PBXContainerItemProxy */;
		};
/* End PBXTargetDependency section */

/* Begin XCBuildConfiguration section */
		E353A29B2C995EA100A6F9CA /* Debug */ = {
			isa = XCBuildConfiguration;
			buildSettings = {
				ALWAYS_SEARCH_USER_PATHS = NO;
				ASSETCATALOG_COMPILER_GENERATE_SWIFT_ASSET_SYMBOL_EXTENSIONS = YES;
				CLANG_ANALYZER_NONNULL = YES;
				CLANG_ANALYZER_NUMBER_OBJECT_CONVERSION = YES_AGGRESSIVE;
				CLANG_CXX_LANGUAGE_STANDARD = "gnu++20";
				CLANG_ENABLE_MODULES = YES;
				CLANG_ENABLE_OBJC_ARC = YES;
				CLANG_ENABLE_OBJC_WEAK = YES;
				CLANG_WARN_BLOCK_CAPTURE_AUTORELEASING = YES;
				CLANG_WARN_BOOL_CONVERSION = YES;
				CLANG_WARN_COMMA = YES;
				CLANG_WARN_CONSTANT_CONVERSION = YES;
				CLANG_WARN_DEPRECATED_OBJC_IMPLEMENTATIONS = YES;
				CLANG_WARN_DIRECT_OBJC_ISA_USAGE = YES_ERROR;
				CLANG_WARN_DOCUMENTATION_COMMENTS = YES;
				CLANG_WARN_EMPTY_BODY = YES;
				CLANG_WARN_ENUM_CONVERSION = YES;
				CLANG_WARN_INFINITE_RECURSION = YES;
				CLANG_WARN_INT_CONVERSION = YES;
				CLANG_WARN_NON_LITERAL_NULL_CONVERSION = YES;
				CLANG_WARN_OBJC_IMPLICIT_RETAIN_SELF = YES;
				CLANG_WARN_OBJC_LITERAL_CONVERSION = YES;
				CLANG_WARN_OBJC_ROOT_CLASS = YES_ERROR;
				CLANG_WARN_QUOTED_INCLUDE_IN_FRAMEWORK_HEADER = YES;
				CLANG_WARN_RANGE_LOOP_ANALYSIS = YES;
				CLANG_WARN_STRICT_PROTOTYPES = YES;
				CLANG_WARN_SUSPICIOUS_MOVE = YES;
				CLANG_WARN_UNGUARDED_AVAILABILITY = YES_AGGRESSIVE;
				CLANG_WARN_UNREACHABLE_CODE = YES;
				CLANG_WARN__DUPLICATE_METHOD_MATCH = YES;
				COPY_PHASE_STRIP = NO;
				DEBUG_INFORMATION_FORMAT = dwarf;
				ENABLE_STRICT_OBJC_MSGSEND = YES;
				ENABLE_TESTABILITY = YES;
				ENABLE_USER_SCRIPT_SANDBOXING = YES;
				GCC_C_LANGUAGE_STANDARD = gnu17;
				GCC_DYNAMIC_NO_PIC = NO;
				GCC_NO_COMMON_BLOCKS = YES;
				GCC_OPTIMIZATION_LEVEL = 0;
				GCC_PREPROCESSOR_DEFINITIONS = (
					"DEBUG=1",
					"$(inherited)",
				);
				GCC_WARN_64_TO_32_BIT_CONVERSION = YES;
				GCC_WARN_ABOUT_RETURN_TYPE = YES_ERROR;
				GCC_WARN_UNDECLARED_SELECTOR = YES;
				GCC_WARN_UNINITIALIZED_AUTOS = YES_AGGRESSIVE;
				GCC_WARN_UNUSED_FUNCTION = YES;
				GCC_WARN_UNUSED_VARIABLE = YES;
				IPHONEOS_DEPLOYMENT_TARGET = 17.2;
				LOCALIZATION_PREFERS_STRING_CATALOGS = YES;
				MTL_ENABLE_DEBUG_INFO = INCLUDE_SOURCE;
				MTL_FAST_MATH = YES;
				ONLY_ACTIVE_ARCH = YES;
				SDKROOT = iphoneos;
				SWIFT_ACTIVE_COMPILATION_CONDITIONS = "DEBUG $(inherited)";
				SWIFT_OPTIMIZATION_LEVEL = "-Onone";
			};
			name = Debug;
		};
		E353A29C2C995EA100A6F9CA /* Release */ = {
			isa = XCBuildConfiguration;
			buildSettings = {
				ALWAYS_SEARCH_USER_PATHS = NO;
				ASSETCATALOG_COMPILER_GENERATE_SWIFT_ASSET_SYMBOL_EXTENSIONS = YES;
				CLANG_ANALYZER_NONNULL = YES;
				CLANG_ANALYZER_NUMBER_OBJECT_CONVERSION = YES_AGGRESSIVE;
				CLANG_CXX_LANGUAGE_STANDARD = "gnu++20";
				CLANG_ENABLE_MODULES = YES;
				CLANG_ENABLE_OBJC_ARC = YES;
				CLANG_ENABLE_OBJC_WEAK = YES;
				CLANG_WARN_BLOCK_CAPTURE_AUTORELEASING = YES;
				CLANG_WARN_BOOL_CONVERSION = YES;
				CLANG_WARN_COMMA = YES;
				CLANG_WARN_CONSTANT_CONVERSION = YES;
				CLANG_WARN_DEPRECATED_OBJC_IMPLEMENTATIONS = YES;
				CLANG_WARN_DIRECT_OBJC_ISA_USAGE = YES_ERROR;
				CLANG_WARN_DOCUMENTATION_COMMENTS = YES;
				CLANG_WARN_EMPTY_BODY = YES;
				CLANG_WARN_ENUM_CONVERSION = YES;
				CLANG_WARN_INFINITE_RECURSION = YES;
				CLANG_WARN_INT_CONVERSION = YES;
				CLANG_WARN_NON_LITERAL_NULL_CONVERSION = YES;
				CLANG_WARN_OBJC_IMPLICIT_RETAIN_SELF = YES;
				CLANG_WARN_OBJC_LITERAL_CONVERSION = YES;
				CLANG_WARN_OBJC_ROOT_CLASS = YES_ERROR;
				CLANG_WARN_QUOTED_INCLUDE_IN_FRAMEWORK_HEADER = YES;
				CLANG_WARN_RANGE_LOOP_ANALYSIS = YES;
				CLANG_WARN_STRICT_PROTOTYPES = YES;
				CLANG_WARN_SUSPICIOUS_MOVE = YES;
				CLANG_WARN_UNGUARDED_AVAILABILITY = YES_AGGRESSIVE;
				CLANG_WARN_UNREACHABLE_CODE = YES;
				CLANG_WARN__DUPLICATE_METHOD_MATCH = YES;
				COPY_PHASE_STRIP = NO;
				DEBUG_INFORMATION_FORMAT = "dwarf-with-dsym";
				ENABLE_NS_ASSERTIONS = NO;
				ENABLE_STRICT_OBJC_MSGSEND = YES;
				ENABLE_USER_SCRIPT_SANDBOXING = YES;
				GCC_C_LANGUAGE_STANDARD = gnu17;
				GCC_NO_COMMON_BLOCKS = YES;
				GCC_WARN_64_TO_32_BIT_CONVERSION = YES;
				GCC_WARN_ABOUT_RETURN_TYPE = YES_ERROR;
				GCC_WARN_UNDECLARED_SELECTOR = YES;
				GCC_WARN_UNINITIALIZED_AUTOS = YES_AGGRESSIVE;
				GCC_WARN_UNUSED_FUNCTION = YES;
				GCC_WARN_UNUSED_VARIABLE = YES;
				IPHONEOS_DEPLOYMENT_TARGET = 17.2;
				LOCALIZATION_PREFERS_STRING_CATALOGS = YES;
				MTL_ENABLE_DEBUG_INFO = NO;
				MTL_FAST_MATH = YES;
				SDKROOT = iphoneos;
				SWIFT_COMPILATION_MODE = wholemodule;
				VALIDATE_PRODUCT = YES;
			};
			name = Release;
		};
		E353A29E2C995EA100A6F9CA /* Debug */ = {
			isa = XCBuildConfiguration;
			buildSettings = {
				ASSETCATALOG_COMPILER_APPICON_NAME = AppIcon;
				ASSETCATALOG_COMPILER_GLOBAL_ACCENT_COLOR_NAME = AccentColor;
				CODE_SIGN_STYLE = Automatic;
				CURRENT_PROJECT_VERSION = 1;
				DEVELOPMENT_ASSET_PATHS = "\"animated/Preview Content\"";
				ENABLE_PREVIEWS = YES;
				GENERATE_INFOPLIST_FILE = YES;
				INFOPLIST_FILE = animated/Info.plist;
				INFOPLIST_KEY_UIApplicationSceneManifest_Generation = YES;
				INFOPLIST_KEY_UIApplicationSupportsIndirectInputEvents = YES;
				INFOPLIST_KEY_UILaunchScreen_Generation = YES;
				INFOPLIST_KEY_UISupportedInterfaceOrientations_iPad = "UIInterfaceOrientationPortrait UIInterfaceOrientationPortraitUpsideDown UIInterfaceOrientationLandscapeLeft UIInterfaceOrientationLandscapeRight";
				INFOPLIST_KEY_UISupportedInterfaceOrientations_iPhone = "UIInterfaceOrientationPortrait UIInterfaceOrientationLandscapeLeft UIInterfaceOrientationLandscapeRight";
				LD_RUNPATH_SEARCH_PATHS = (
					"$(inherited)",
					"@executable_path/Frameworks",
				);
				MARKETING_VERSION = 1.0;
				PRODUCT_BUNDLE_IDENTIFIER = InfinityTech.animated;
				PRODUCT_NAME = "$(TARGET_NAME)";
				SWIFT_EMIT_LOC_STRINGS = YES;
				SWIFT_VERSION = 5.0;
				TARGETED_DEVICE_FAMILY = "1,2";
			};
			name = Debug;
		};
		E353A29F2C995EA100A6F9CA /* Release */ = {
			isa = XCBuildConfiguration;
			buildSettings = {
				ASSETCATALOG_COMPILER_APPICON_NAME = AppIcon;
				ASSETCATALOG_COMPILER_GLOBAL_ACCENT_COLOR_NAME = AccentColor;
				CODE_SIGN_STYLE = Automatic;
				CURRENT_PROJECT_VERSION = 1;
				DEVELOPMENT_ASSET_PATHS = "\"animated/Preview Content\"";
				ENABLE_PREVIEWS = YES;
				GENERATE_INFOPLIST_FILE = YES;
				INFOPLIST_FILE = animated/Info.plist;
				INFOPLIST_KEY_UIApplicationSceneManifest_Generation = YES;
				INFOPLIST_KEY_UIApplicationSupportsIndirectInputEvents = YES;
				INFOPLIST_KEY_UILaunchScreen_Generation = YES;
				INFOPLIST_KEY_UISupportedInterfaceOrientations_iPad = "UIInterfaceOrientationPortrait UIInterfaceOrientationPortraitUpsideDown UIInterfaceOrientationLandscapeLeft UIInterfaceOrientationLandscapeRight";
				INFOPLIST_KEY_UISupportedInterfaceOrientations_iPhone = "UIInterfaceOrientationPortrait UIInterfaceOrientationLandscapeLeft UIInterfaceOrientationLandscapeRight";
				LD_RUNPATH_SEARCH_PATHS = (
					"$(inherited)",
					"@executable_path/Frameworks",
				);
				MARKETING_VERSION = 1.0;
				PRODUCT_BUNDLE_IDENTIFIER = InfinityTech.animated;
				PRODUCT_NAME = "$(TARGET_NAME)";
				SWIFT_EMIT_LOC_STRINGS = YES;
				SWIFT_VERSION = 5.0;
				TARGETED_DEVICE_FAMILY = "1,2";
			};
			name = Release;
		};
		E353A2A12C995EA100A6F9CA /* Debug */ = {
			isa = XCBuildConfiguration;
			buildSettings = {
				ALWAYS_EMBED_SWIFT_STANDARD_LIBRARIES = YES;
				BUNDLE_LOADER = "$(TEST_HOST)";
				CODE_SIGN_STYLE = Automatic;
				CURRENT_PROJECT_VERSION = 1;
				GENERATE_INFOPLIST_FILE = YES;
				IPHONEOS_DEPLOYMENT_TARGET = 17.2;
				MARKETING_VERSION = 1.0;
				PRODUCT_BUNDLE_IDENTIFIER = InfinityTech.animatedTests;
				PRODUCT_NAME = "$(TARGET_NAME)";
				SWIFT_EMIT_LOC_STRINGS = NO;
				SWIFT_VERSION = 5.0;
				TARGETED_DEVICE_FAMILY = "1,2";
				TEST_HOST = "$(BUILT_PRODUCTS_DIR)/animated.app/$(BUNDLE_EXECUTABLE_FOLDER_PATH)/animated";
			};
			name = Debug;
		};
		E353A2A22C995EA100A6F9CA /* Release */ = {
			isa = XCBuildConfiguration;
			buildSettings = {
				ALWAYS_EMBED_SWIFT_STANDARD_LIBRARIES = YES;
				BUNDLE_LOADER = "$(TEST_HOST)";
				CODE_SIGN_STYLE = Automatic;
				CURRENT_PROJECT_VERSION = 1;
				GENERATE_INFOPLIST_FILE = YES;
				IPHONEOS_DEPLOYMENT_TARGET = 17.2;
				MARKETING_VERSION = 1.0;
				PRODUCT_BUNDLE_IDENTIFIER = InfinityTech.animatedTests;
				PRODUCT_NAME = "$(TARGET_NAME)";
				SWIFT_EMIT_LOC_STRINGS = NO;
				SWIFT_VERSION = 5.0;
				TARGETED_DEVICE_FAMILY = "1,2";
				TEST_HOST = "$(BUILT_PRODUCTS_DIR)/animated.app/$(BUNDLE_EXECUTABLE_FOLDER_PATH)/animated";
			};
			name = Release;
		};
		E353A2A42C995EA100A6F9CA /* Debug */ = {
			isa = XCBuildConfiguration;
			buildSettings = {
				ALWAYS_EMBED_SWIFT_STANDARD_LIBRARIES = YES;
				CODE_SIGN_STYLE = Automatic;
				CURRENT_PROJECT_VERSION = 1;
				GENERATE_INFOPLIST_FILE = YES;
				MARKETING_VERSION = 1.0;
				PRODUCT_BUNDLE_IDENTIFIER = InfinityTech.animatedUITests;
				PRODUCT_NAME = "$(TARGET_NAME)";
				SWIFT_EMIT_LOC_STRINGS = NO;
				SWIFT_VERSION = 5.0;
				TARGETED_DEVICE_FAMILY = "1,2";
				TEST_TARGET_NAME = animated;
			};
			name = Debug;
		};
		E353A2A52C995EA100A6F9CA /* Release */ = {
			isa = XCBuildConfiguration;
			buildSettings = {
				ALWAYS_EMBED_SWIFT_STANDARD_LIBRARIES = YES;
				CODE_SIGN_STYLE = Automatic;
				CURRENT_PROJECT_VERSION = 1;
				GENERATE_INFOPLIST_FILE = YES;
				MARKETING_VERSION = 1.0;
				PRODUCT_BUNDLE_IDENTIFIER = InfinityTech.animatedUITests;
				PRODUCT_NAME = "$(TARGET_NAME)";
				SWIFT_EMIT_LOC_STRINGS = NO;
				SWIFT_VERSION = 5.0;
				TARGETED_DEVICE_FAMILY = "1,2";
				TEST_TARGET_NAME = animated;
			};
			name = Release;
		};
/* End XCBuildConfiguration section */

/* Begin XCConfigurationList section */
		E353A2742C995E9D00A6F9CA /* Build configuration list for PBXProject "animated" */ = {
			isa = XCConfigurationList;
			buildConfigurations = (
				E353A29B2C995EA100A6F9CA /* Debug */,
				E353A29C2C995EA100A6F9CA /* Release */,
			);
			defaultConfigurationIsVisible = 0;
			defaultConfigurationName = Release;
		};
		E353A29D2C995EA100A6F9CA /* Build configuration list for PBXNativeTarget "animated" */ = {
			isa = XCConfigurationList;
			buildConfigurations = (
				E353A29E2C995EA100A6F9CA /* Debug */,
				E353A29F2C995EA100A6F9CA /* Release */,
			);
			defaultConfigurationIsVisible = 0;
			defaultConfigurationName = Release;
		};
		E353A2A02C995EA100A6F9CA /* Build configuration list for PBXNativeTarget "animatedTests" */ = {
			isa = XCConfigurationList;
			buildConfigurations = (
				E353A2A12C995EA100A6F9CA /* Debug */,
				E353A2A22C995EA100A6F9CA /* Release */,
			);
			defaultConfigurationIsVisible = 0;
			defaultConfigurationName = Release;
		};
		E353A2A32C995EA100A6F9CA /* Build configuration list for PBXNativeTarget "animatedUITests" */ = {
			isa = XCConfigurationList;
			buildConfigurations = (
				E353A2A42C995EA100A6F9CA /* Debug */,
				E353A2A52C995EA100A6F9CA /* Release */,
			);
			defaultConfigurationIsVisible = 0;
			defaultConfigurationName = Release;
		};
/* End XCConfigurationList section */

/* Begin XCRemoteSwiftPackageReference section */
		E353A2B52C99603E00A6F9CA /* XCRemoteSwiftPackageReference "rive-ios" */ = {
			isa = XCRemoteSwiftPackageReference;
			repositoryURL = "https://github.com/rive-app/rive-ios";
			requirement = {
				kind = upToNextMajorVersion;
				minimumVersion = 6.1.1;
			};
		};
/* End XCRemoteSwiftPackageReference section */

/* Begin XCSwiftPackageProductDependency section */
		E353A2B62C99603E00A6F9CA /* RiveRuntime */ = {
			isa = XCSwiftPackageProductDependency;
			package = E353A2B52C99603E00A6F9CA /* XCRemoteSwiftPackageReference "rive-ios" */;
			productName = RiveRuntime;
		};
/* End XCSwiftPackageProductDependency section */
	};
	rootObject = E353A2712C995E9D00A6F9CA /* Project object */;
}
